<?xml version="1.0" encoding="utf-8"?>
<Project ToolsVersion="4.0" xmlns="http://schemas.microsoft.com/developer/msbuild/2003">
  <ItemGroup>
    <Filter Include="Source Files">
      <UniqueIdentifier>{ace5ffbf-b1ce-4918-9262-c3036dd39c5c}</UniqueIdentifier>
      <Extensions>cpp;c;cxx;rc;def;r;odl;idl;hpj;bat</Extensions>
    </Filter>
    <Filter Include="Header Files">
      <UniqueIdentifier>{96b450d6-182b-458a-8021-deaab3b380aa}</UniqueIdentifier>
      <Extensions>h;hpp;hxx;hm;inl</Extensions>
    </Filter>
    <Filter Include="Resource Files">
      <UniqueIdentifier>{133d91e0-7521-4dac-b635-80a330173992}</UniqueIdentifier>
      <Extensions>ico;cur;bmp;dlg;rc2;rct;bin;rgs;gif;jpg;jpeg;jpe</Extensions>
    </Filter>
  </ItemGroup>
  <ItemGroup>
    <ClCompile Include="BoardSpeedySnake.cpp">
      <Filter>Source Files</Filter>
    </ClCompile>
    <ClCompile Include="BoardSpeedySnakeDoc.cpp">
      <Filter>Source Files</Filter>
    </ClCompile>
    <ClCompile Include="BoardSpeedySnakeView.cpp">
      <Filter>Source Files</Filter>
    </ClCompile>
    <ClCompile Include="MainFrm.cpp">
      <Filter>Source Files</Filter>
    </ClCompile>
    <ClCompile Include="PlayerNameDialog.cpp">
      <Filter>Source Files</Filter>
    </ClCompile>
    <ClCompile Include="SpeedySnakeHighScore.cpp">
      <Filter>Source Files</Filter>
    </ClCompile>
    <ClCompile Include="StatusControl.cpp">
      <Filter>Source Files</Filter>
    </ClCompile>
    <ClCompile Include="StatusStatic.cpp">
      <Filter>Source Files</Filter>
    </ClCompile>
    <ClCompile Include="StdAfx.cpp">
      <Filter>Source Files</Filter>
    </ClCompile>
    <ClCompile Include="VBoardGameCofiguration.cpp">
      <Filter>Source Files</Filter>
    </ClCompile>
  </ItemGroup>
  <ItemGroup>
    <ResourceCompile Include="BoardSpeedySnake.rc">
      <Filter>Source Files</Filter>
    </ResourceCompile>
  </ItemGroup>
  <ItemGroup>
    <ClInclude Include="AllLavel.h">
      <Filter>Header Files</Filter>
    </ClInclude>
    <ClInclude Include="BoardSpeedySnake.h">
      <Filter>Header Files</Filter>
    </ClInclude>
    <ClInclude Include="BoardSpeedySnakeDoc.h">
      <Filter>Header Files</Filter>
    </ClInclude>
    <ClInclude Include="BoardSpeedySnakeView.h">
      <Filter>Header Files</Filter>
    </ClInclude>
    <ClInclude Include="MainFrm.h">
      <Filter>Header Files</Filter>
    </ClInclude>
    <ClInclude Include="PlayerNameDialog.h">
      <Filter>Header Files</Filter>
    </ClInclude>
    <ClInclude Include="Resource.h">
      <Filter>Header Files</Filter>
    </ClInclude>
    <ClInclude Include="SpeedySnakeHighScore.h">
      <Filter>Header Files</Filter>
    </ClInclude>
    <ClInclude Include="StatusControl.h">
      <Filter>Header Files</Filter>
    </ClInclude>
    <ClInclude Include="StatusStatic.h">
      <Filter>Header Files</Filter>
    </ClInclude>
    <ClInclude Include="StdAfx.h">
      <Filter>Header Files</Filter>
    </ClInclude>
    <ClInclude Include="VBoardGameCofiguration.h">
      <Filter>Header Files</Filter>
    </ClInclude>
  </ItemGroup>
  <ItemGroup>
    <Image Include="res\blank.ico">
      <Filter>Resource Files</Filter>
    </Image>
    <Image Include="res\BoardSpeedySnake.ico">
      <Filter>Resource Files</Filter>
    </Image>
    <Image Include="res\BoardSpeedySnakeDoc.ico">
      <Filter>Resource Files</Filter>
    </Image>
    <Image Include="res\Duvdev.ico">
      <Filter>Resource Files</Filter>
    </Image>
    <Image Include="res\fire.ico">
      <Filter>Resource Files</Filter>
    </Image>
    <Image Include="res\head_dow.ico">
      <Filter>Resource Files</Filter>
    </Image>
    <Image Include="res\head_lef.ico">
      <Filter>Resource Files</Filter>
    </Image>
    <Image Include="res\head_rig.ico">
      <Filter>Resource Files</Filter>
    </Image>
    <Image Include="res\head_up.ico">
      <Filter>Resource Files</Filter>
    </Image>
    <Image Include="res\ico00001.ico">
      <Filter>Resource Files</Filter>
    </Image>
    <Image Include="res\icon1.ico">
      <Filter>Resource Files</Filter>
    </Image>
    <Image Include="res\no_duvde.ico">
      <Filter>Resource Files</Filter>
    </Image>
    <Image Include="res\no_fire.ico">
      <Filter>Resource Files</Filter>
    </Image>
    <Image Include="res\Pizza.ico">
      <Filter>Resource Files</Filter>
    </Image>
    <Image Include="res\Snake.ico">
      <Filter>Resource Files</Filter>
    </Image>
    <Image Include="res\wall.ico">
      <Filter>Resource Files</Filter>
    </Image>
  </ItemGroup>
  <ItemGroup>
    <None Include="res\BoardSpeedySnake.rc2">
      <Filter>Resource Files</Filter>
    </None>
    <None Include="res\sound.rc2">
      <Filter>Resource Files</Filter>
    </None>
  </ItemGroup>
  <ItemGroup>
    <Media Include="res\FireSound.WAV" />
  </ItemGroup>
  <ItemGroup>
    <Text Include="ReadMe.txt" />
  </ItemGroup>
</Project>